
Microsoft Visual Studio Solution File, Format Version 12.00
# Visual Studio 2013
VisualStudioVersion = 12.0.31101.0
MinimumVisualStudioVersion = 10.0.40219.1
Project("{FAE04EC0-301F-11D3-BF4B-00C04F79EFBC}") = "BobbleCar_Designer", "BobbleCar\BobbleCar_Designer.csproj", "{B77495D9-5758-47B4-8122-6B58E8881D97}"
EndProject
Project("{FAE04EC0-301F-11D3-BF4B-00C04F79EFBC}") = "SimpleGraphicsLib", "SimpleGraphicsLib\SimpleGraphicsLib.csproj", "{3C3074E3-475F-489C-A3CD-89CEFA8071CB}"
EndProject
Project("{FAE04EC0-301F-11D3-BF4B-00C04F79EFBC}") = "MahApps.Metro.NET45", "MahApps.Metro-master\MahApps.Metro\MahApps.Metro.NET45.csproj", "{942D11C4-29F5-46C4-8C14-4B976D56C637}"
EndProject
Project("{FAE04EC0-301F-11D3-BF4B-00C04F79EFBC}") = "MahApps.Metro.Resources", "MahApps.Metro-master\MahApps.Metro.Resources\MahApps.Metro.Resources.csproj", "{E708AC99-605B-42A0-8D20-ABCA8FE42DD2}"
EndProject
Project("{FAE04EC0-301F-11D3-BF4B-00C04F79EFBC}") = "BobbleCar_Game", "BobbleCar_Game\BobbleCar_Game.csproj", "{F930BCCA-B4CF-4CE3-B366-127613608467}"
EndProject
Global
	GlobalSection(SolutionConfigurationPlatforms) = preSolution
		Debug|Any CPU = Debug|Any CPU
		Release|Any CPU = Release|Any CPU
	EndGlobalSection
	GlobalSection(ProjectConfigurationPlatforms) = postSolution
		{B77495D9-5758-47B4-8122-6B58E8881D97}.Debug|Any CPU.ActiveCfg = Debug|Any CPU
		{B77495D9-5758-47B4-8122-6B58E8881D97}.Debug|Any CPU.Build.0 = Debug|Any CPU
		{B77495D9-5758-47B4-8122-6B58E8881D97}.Release|Any CPU.ActiveCfg = Release|Any CPU
		{B77495D9-5758-47B4-8122-6B58E8881D97}.Release|Any CPU.Build.0 = Release|Any CPU
		{3C3074E3-475F-489C-A3CD-89CEFA8071CB}.Debug|Any CPU.ActiveCfg = Debug|Any CPU
		{3C3074E3-475F-489C-A3CD-89CEFA8071CB}.Debug|Any CPU.Build.0 = Debug|Any CPU
		{3C3074E3-475F-489C-A3CD-89CEFA8071CB}.Release|Any CPU.ActiveCfg = Release|Any CPU
		{3C3074E3-475F-489C-A3CD-89CEFA8071CB}.Release|Any CPU.Build.0 = Release|Any CPU
		{942D11C4-29F5-46C4-8C14-4B976D56C637}.Debug|Any CPU.ActiveCfg = Debug|Any CPU
		{942D11C4-29F5-46C4-8C14-4B976D56C637}.Debug|Any CPU.Build.0 = Debug|Any CPU
		{942D11C4-29F5-46C4-8C14-4B976D56C637}.Release|Any CPU.ActiveCfg = Release|Any CPU
		{942D11C4-29F5-46C4-8C14-4B976D56C637}.Release|Any CPU.Build.0 = Release|Any CPU
		{E708AC99-605B-42A0-8D20-ABCA8FE42DD2}.Debug|Any CPU.ActiveCfg = Debug|Any CPU
		{E708AC99-605B-42A0-8D20-ABCA8FE42DD2}.Debug|Any CPU.Build.0 = Debug|Any CPU
		{E708AC99-605B-42A0-8D20-ABCA8FE42DD2}.Release|Any CPU.ActiveCfg = Release|Any CPU
		{E708AC99-605B-42A0-8D20-ABCA8FE42DD2}.Release|Any CPU.Build.0 = Release|Any CPU
		{F930BCCA-B4CF-4CE3-B366-127613608467}.Debug|Any CPU.ActiveCfg = Debug|Any CPU
		{F930BCCA-B4CF-4CE3-B366-127613608467}.Debug|Any CPU.Build.0 = Debug|Any CPU
		{F930BCCA-B4CF-4CE3-B366-127613608467}.Release|Any CPU.ActiveCfg = Release|Any CPU
		{F930BCCA-B4CF-4CE3-B366-127613608467}.Release|Any CPU.Build.0 = Release|Any CPU
	EndGlobalSection
	GlobalSection(SolutionProperties) = preSolution
		HideSolutionNode = FALSE
	EndGlobalSection
EndGlobal
